// !$*UTF8*$!
{
	archiveVersion = 1;
	classes = {
	};
	objectVersion = 50;
	objects = {

/* Begin PBXBuildFile section */
		5574309524D43CC200C191E5 /* AppDelegate.swift in Sources */ = {isa = PBXBuildFile; fileRef = 5574309424D43CC200C191E5 /* AppDelegate.swift */; };
		5574309724D43CC200C191E5 /* SceneDelegate.swift in Sources */ = {isa = PBXBuildFile; fileRef = 5574309624D43CC200C191E5 /* SceneDelegate.swift */; };
		5574309A24D43CC200C191E5 /* BirthdayApp.xcdatamodeld in Sources */ = {isa = PBXBuildFile; fileRef = 5574309824D43CC200C191E5 /* BirthdayApp.xcdatamodeld */; };
		5574309C24D43CC200C191E5 /* BirthdayList.swift in Sources */ = {isa = PBXBuildFile; fileRef = 5574309B24D43CC200C191E5 /* BirthdayList.swift */; };
		5574309E24D43CC300C191E5 /* Assets.xcassets in Resources */ = {isa = PBXBuildFile; fileRef = 5574309D24D43CC300C191E5 /* Assets.xcassets */; };
		557430A124D43CC300C191E5 /* Preview Assets.xcassets in Resources */ = {isa = PBXBuildFile; fileRef = 557430A024D43CC300C191E5 /* Preview Assets.xcassets */; };
		557430A424D43CC300C191E5 /* LaunchScreen.storyboard in Resources */ = {isa = PBXBuildFile; fileRef = 557430A224D43CC300C191E5 /* LaunchScreen.storyboard */; };
		557430B324D43FE200C191E5 /* DataManager.swift in Sources */ = {isa = PBXBuildFile; fileRef = 557430B224D43FE200C191E5 /* DataManager.swift */; };
		557430B524D443DB00C191E5 /* BirthdayViewModel.swift in Sources */ = {isa = PBXBuildFile; fileRef = 557430B424D443DB00C191E5 /* BirthdayViewModel.swift */; };
		557430B724D446EB00C191E5 /* BirthdayListViewModel.swift in Sources */ = {isa = PBXBuildFile; fileRef = 557430B624D446EB00C191E5 /* BirthdayListViewModel.swift */; };
		557430B924D44DAE00C191E5 /* BirthdayCell.swift in Sources */ = {isa = PBXBuildFile; fileRef = 557430B824D44DAE00C191E5 /* BirthdayCell.swift */; };
		557430BB24D458A100C191E5 /* AddNewBirthdayViewModel.swift in Sources */ = {isa = PBXBuildFile; fileRef = 557430BA24D458A100C191E5 /* AddNewBirthdayViewModel.swift */; };
		557430BD24D458C400C191E5 /* AddNewBirthdayView.swift in Sources */ = {isa = PBXBuildFile; fileRef = 557430BC24D458C400C191E5 /* AddNewBirthdayView.swift */; };
		557430BF24D4591B00C191E5 /* DismissKeyboardHelper.swift in Sources */ = {isa = PBXBuildFile; fileRef = 557430BE24D4591B00C191E5 /* DismissKeyboardHelper.swift */; };
		557430C124D4593D00C191E5 /* UpdateBirthdayView.swift in Sources */ = {isa = PBXBuildFile; fileRef = 557430C024D4593D00C191E5 /* UpdateBirthdayView.swift */; };
		557430C324D4595600C191E5 /* UpdateBirthdayViewModel.swift in Sources */ = {isa = PBXBuildFile; fileRef = 557430C224D4595600C191E5 /* UpdateBirthdayViewModel.swift */; };
/* End PBXBuildFile section */

/* Begin PBXFileReference section */
		5574309124D43CC200C191E5 /* BirthdayApp.app */ = {isa = PBXFileReference; explicitFileType = wrapper.application; includeInIndex = 0; path = BirthdayApp.app; sourceTree = BUILT_PRODUCTS_DIR; };
		5574309424D43CC200C191E5 /* AppDelegate.swift */ = {isa = PBXFileReference; lastKnownFileType = sourcecode.swift; path = AppDelegate.swift; sourceTree = "<group>"; };
		5574309624D43CC200C191E5 /* SceneDelegate.swift */ = {isa = PBXFileReference; lastKnownFileType = sourcecode.swift; path = SceneDelegate.swift; sourceTree = "<group>"; };
		5574309924D43CC200C191E5 /* BirthdayApp.xcdatamodel */ = {isa = PBXFileReference; lastKnownFileType = wrapper.xcdatamodel; path = BirthdayApp.xcdatamodel; sourceTree = "<group>"; };
		5574309B24D43CC200C191E5 /* BirthdayList.swift */ = {isa = PBXFileReference; lastKnownFileType = sourcecode.swift; path = BirthdayList.swift; sourceTree = "<group>"; };
		5574309D24D43CC300C191E5 /* Assets.xcassets */ = {isa = PBXFileReference; lastKnownFileType = folder.assetcatalog; path = Assets.xcassets; sourceTree = "<group>"; };
		557430A024D43CC300C191E5 /* Preview Assets.xcassets */ = {isa = PBXFileReference; lastKnownFileType = folder.assetcatalog; path = "Preview Assets.xcassets"; sourceTree = "<group>"; };
		557430A324D43CC300C191E5 /* Base */ = {isa = PBXFileReference; lastKnownFileType = file.storyboard; name = Base; path = Base.lproj/LaunchScreen.storyboard; sourceTree = "<group>"; };
		557430A524D43CC300C191E5 /* Info.plist */ = {isa = PBXFileReference; lastKnownFileType = text.plist.xml; path = Info.plist; sourceTree = "<group>"; };
		557430B224D43FE200C191E5 /* DataManager.swift */ = {isa = PBXFileReference; lastKnownFileType = sourcecode.swift; path = DataManager.swift; sourceTree = "<group>"; };
		557430B424D443DB00C191E5 /* BirthdayViewModel.swift */ = {isa = PBXFileReference; lastKnownFileType = sourcecode.swift; path = BirthdayViewModel.swift; sourceTree = "<group>"; };
		557430B624D446EB00C191E5 /* BirthdayListViewModel.swift */ = {isa = PBXFileReference; lastKnownFileType = sourcecode.swift; path = BirthdayListViewModel.swift; sourceTree = "<group>"; };
		557430B824D44DAE00C191E5 /* BirthdayCell.swift */ = {isa = PBXFileReference; lastKnownFileType = sourcecode.swift; path = BirthdayCell.swift; sourceTree = "<group>"; };
		557430BA24D458A100C191E5 /* AddNewBirthdayViewModel.swift */ = {isa = PBXFileReference; lastKnownFileType = sourcecode.swift; path = AddNewBirthdayViewModel.swift; sourceTree = "<group>"; };
		557430BC24D458C400C191E5 /* AddNewBirthdayView.swift */ = {isa = PBXFileReference; lastKnownFileType = sourcecode.swift; path = AddNewBirthdayView.swift; sourceTree = "<group>"; };
		557430BE24D4591B00C191E5 /* DismissKeyboardHelper.swift */ = {isa = PBXFileReference; lastKnownFileType = sourcecode.swift; path = DismissKeyboardHelper.swift; sourceTree = "<group>"; };
		557430C024D4593D00C191E5 /* UpdateBirthdayView.swift */ = {isa = PBXFileReference; lastKnownFileType = sourcecode.swift; path = UpdateBirthdayView.swift; sourceTree = "<group>"; };
		557430C224D4595600C191E5 /* UpdateBirthdayViewModel.swift */ = {isa = PBXFileReference; lastKnownFileType = sourcecode.swift; path = UpdateBirthdayViewModel.swift; sourceTree = "<group>"; };
/* End PBXFileReference section */

/* Begin PBXFrameworksBuildPhase section */
		5574308E24D43CC200C191E5 /* Frameworks */ = {
			isa = PBXFrameworksBuildPhase;
			buildActionMask = 2147483647;
			files = (
			);
			runOnlyForDeploymentPostprocessing = 0;
		};
/* End PBXFrameworksBuildPhase section */

/* Begin PBXGroup section */
		5574308824D43CC200C191E5 = {
			isa = PBXGroup;
			children = (
				5574309324D43CC200C191E5 /* BirthdayApp */,
				5574309224D43CC200C191E5 /* Products */,
			);
			sourceTree = "<group>";
		};
		5574309224D43CC200C191E5 /* Products */ = {
			isa = PBXGroup;
			children = (
				5574309124D43CC200C191E5 /* BirthdayApp.app */,
			);
			name = Products;
			sourceTree = "<group>";
		};
		5574309324D43CC200C191E5 /* BirthdayApp */ = {
			isa = PBXGroup;
			children = (
				557430B124D43E1F00C191E5 /* Services */,
				557430B024D43DF900C191E5 /* Utils */,
				557430AF24D43DF200C191E5 /* Models */,
				557430AE24D43DE800C191E5 /* ViewModels */,
				557430AD24D43DE100C191E5 /* Views */,
				557430AC24D43DD500C191E5 /* CoreDataDB */,
				557430AB24D43D0800C191E5 /* App */,
				5574309F24D43CC300C191E5 /* Preview Content */,
			);
			path = BirthdayApp;
			sourceTree = "<group>";
		};
		5574309F24D43CC300C191E5 /* Preview Content */ = {
			isa = PBXGroup;
			children = (
				557430A024D43CC300C191E5 /* Preview Assets.xcassets */,
			);
			path = "Preview Content";
			sourceTree = "<group>";
		};
		557430AB24D43D0800C191E5 /* App */ = {
			isa = PBXGroup;
			children = (
				5574309424D43CC200C191E5 /* AppDelegate.swift */,
				5574309624D43CC200C191E5 /* SceneDelegate.swift */,
				5574309D24D43CC300C191E5 /* Assets.xcassets */,
				557430A224D43CC300C191E5 /* LaunchScreen.storyboard */,
				557430A524D43CC300C191E5 /* Info.plist */,
			);
			path = App;
			sourceTree = "<group>";
		};
		557430AC24D43DD500C191E5 /* CoreDataDB */ = {
			isa = PBXGroup;
			children = (
				5574309824D43CC200C191E5 /* BirthdayApp.xcdatamodeld */,
			);
			path = CoreDataDB;
			sourceTree = "<group>";
		};
		557430AD24D43DE100C191E5 /* Views */ = {
			isa = PBXGroup;
			children = (
				5574309B24D43CC200C191E5 /* BirthdayList.swift */,
				557430B824D44DAE00C191E5 /* BirthdayCell.swift */,
				557430BC24D458C400C191E5 /* AddNewBirthdayView.swift */,
				557430C024D4593D00C191E5 /* UpdateBirthdayView.swift */,
			);
			path = Views;
			sourceTree = "<group>";
		};
		557430AE24D43DE800C191E5 /* ViewModels */ = {
			isa = PBXGroup;
			children = (
				557430B424D443DB00C191E5 /* BirthdayViewModel.swift */,
				557430B624D446EB00C191E5 /* BirthdayListViewModel.swift */,
				557430BA24D458A100C191E5 /* AddNewBirthdayViewModel.swift */,
				557430C224D4595600C191E5 /* UpdateBirthdayViewModel.swift */,
			);
			path = ViewModels;
			sourceTree = "<group>";
		};
		557430AF24D43DF200C191E5 /* Models */ = {
			isa = PBXGroup;
			children = (
			);
			path = Models;
			sourceTree = "<group>";
		};
		557430B024D43DF900C191E5 /* Utils */ = {
			isa = PBXGroup;
			children = (
				557430BE24D4591B00C191E5 /* DismissKeyboardHelper.swift */,
			);
			path = Utils;
			sourceTree = "<group>";
		};
		557430B124D43E1F00C191E5 /* Services */ = {
			isa = PBXGroup;
			children = (
				557430B224D43FE200C191E5 /* DataManager.swift */,
			);
			path = Services;
			sourceTree = "<group>";
		};
/* End PBXGroup section */

/* Begin PBXNativeTarget section */
		5574309024D43CC200C191E5 /* BirthdayApp */ = {
			isa = PBXNativeTarget;
			buildConfigurationList = 557430A824D43CC300C191E5 /* Build configuration list for PBXNativeTarget "BirthdayApp" */;
			buildPhases = (
				5574308D24D43CC200C191E5 /* Sources */,
				5574308E24D43CC200C191E5 /* Frameworks */,
				5574308F24D43CC200C191E5 /* Resources */,
			);
			buildRules = (
			);
			dependencies = (
			);
			name = BirthdayApp;
			productName = BirthdayApp;
			productReference = 5574309124D43CC200C191E5 /* BirthdayApp.app */;
			productType = "com.apple.product-type.application";
		};
/* End PBXNativeTarget section */

/* Begin PBXProject section */
		5574308924D43CC200C191E5 /* Project object */ = {
			isa = PBXProject;
			attributes = {
				LastSwiftUpdateCheck = 1160;
				LastUpgradeCheck = 1160;
				ORGANIZATIONNAME = "alex-babich";
				TargetAttributes = {
					5574309024D43CC200C191E5 = {
						CreatedOnToolsVersion = 11.6;
					};
				};
			};
			buildConfigurationList = 5574308C24D43CC200C191E5 /* Build configuration list for PBXProject "BirthdayApp" */;
			compatibilityVersion = "Xcode 9.3";
			developmentRegion = en;
			hasScannedForEncodings = 0;
			knownRegions = (
				en,
				Base,
			);
			mainGroup = 5574308824D43CC200C191E5;
			productRefGroup = 5574309224D43CC200C191E5 /* Products */;
			projectDirPath = "";
			projectRoot = "";
			targets = (
				5574309024D43CC200C191E5 /* BirthdayApp */,
			);
		};
/* End PBXProject section */

/* Begin PBXResourcesBuildPhase section */
		5574308F24D43CC200C191E5 /* Resources */ = {
			isa = PBXResourcesBuildPhase;
			buildActionMask = 2147483647;
			files = (
				557430A424D43CC300C191E5 /* LaunchScreen.storyboard in Resources */,
				557430A124D43CC300C191E5 /* Preview Assets.xcassets in Resources */,
				5574309E24D43CC300C191E5 /* Assets.xcassets in Resources */,
			);
			runOnlyForDeploymentPostprocessing = 0;
		};
/* End PBXResourcesBuildPhase section */

/* Begin PBXSourcesBuildPhase section */
		5574308D24D43CC200C191E5 /* Sources */ = {
			isa = PBXSourcesBuildPhase;
			buildActionMask = 2147483647;
			files = (
				557430B724D446EB00C191E5 /* BirthdayListViewModel.swift in Sources */,
				557430BF24D4591B00C191E5 /* DismissKeyboardHelper.swift in Sources */,
				5574309524D43CC200C191E5 /* AppDelegate.swift in Sources */,
				557430B324D43FE200C191E5 /* DataManager.swift in Sources */,
				557430C324D4595600C191E5 /* UpdateBirthdayViewModel.swift in Sources */,
				557430C124D4593D00C191E5 /* UpdateBirthdayView.swift in Sources */,
				557430BB24D458A100C191E5 /* AddNewBirthdayViewModel.swift in Sources */,
				557430BD24D458C400C191E5 /* AddNewBirthdayView.swift in Sources */,
				5574309A24D43CC200C191E5 /* BirthdayApp.xcdatamodeld in Sources */,
				557430B924D44DAE00C191E5 /* BirthdayCell.swift in Sources */,
				557430B524D443DB00C191E5 /* BirthdayViewModel.swift in Sources */,
				5574309C24D43CC200C191E5 /* BirthdayList.swift in Sources */,
				5574309724D43CC200C191E5 /* SceneDelegate.swift in Sources */,
			);
			runOnlyForDeploymentPostprocessing = 0;
		};
/* End PBXSourcesBuildPhase section */

/* Begin PBXVariantGroup section */
		557430A224D43CC300C191E5 /* LaunchScreen.storyboard */ = {
			isa = PBXVariantGroup;
			children = (
				557430A324D43CC300C191E5 /* Base */,
			);
			name = LaunchScreen.storyboard;
			sourceTree = "<group>";
		};
/* End PBXVariantGroup section */

/* Begin XCBuildConfiguration section */
		557430A624D43CC300C191E5 /* Debug */ = {
			isa = XCBuildConfiguration;
			buildSettings = {
				ALWAYS_SEARCH_USER_PATHS = NO;
				CLANG_ANALYZER_NONNULL = YES;
				CLANG_ANALYZER_NUMBER_OBJECT_CONVERSION = YES_AGGRESSIVE;
				CLANG_CXX_LANGUAGE_STANDARD = "gnu++14";
				CLANG_CXX_LIBRARY = "libc++";
				CLANG_ENABLE_MODULES = YES;
				CLANG_ENABLE_OBJC_ARC = YES;
				CLANG_ENABLE_OBJC_WEAK = YES;
				CLANG_WARN_BLOCK_CAPTURE_AUTORELEASING = YES;
				CLANG_WARN_BOOL_CONVERSION = YES;
				CLANG_WARN_COMMA = YES;
				CLANG_WARN_CONSTANT_CONVERSION = YES;
				CLANG_WARN_DEPRECATED_OBJC_IMPLEMENTATIONS = YES;
				CLANG_WARN_DIRECT_OBJC_ISA_USAGE = YES_ERROR;
				CLANG_WARN_DOCUMENTATION_COMMENTS = YES;
				CLANG_WARN_EMPTY_BODY = YES;
				CLANG_WARN_ENUM_CONVERSION = YES;
				CLANG_WARN_INFINITE_RECURSION = YES;
				CLANG_WARN_INT_CONVERSION = YES;
				CLANG_WARN_NON_LITERAL_NULL_CONVERSION = YES;
				CLANG_WARN_OBJC_IMPLICIT_RETAIN_SELF = YES;
				CLANG_WARN_OBJC_LITERAL_CONVERSION = YES;
				CLANG_WARN_OBJC_ROOT_CLASS = YES_ERROR;
				CLANG_WARN_RANGE_LOOP_ANALYSIS = YES;
				CLANG_WARN_STRICT_PROTOTYPES = YES;
				CLANG_WARN_SUSPICIOUS_MOVE = YES;
				CLANG_WARN_UNGUARDED_AVAILABILITY = YES_AGGRESSIVE;
				CLANG_WARN_UNREACHABLE_CODE = YES;
				CLANG_WARN__DUPLICATE_METHOD_MATCH = YES;
				COPY_PHASE_STRIP = NO;
				DEBUG_INFORMATION_FORMAT = dwarf;
				ENABLE_STRICT_OBJC_MSGSEND = YES;
				ENABLE_TESTABILITY = YES;
				GCC_C_LANGUAGE_STANDARD = gnu11;
				GCC_DYNAMIC_NO_PIC = NO;
				GCC_NO_COMMON_BLOCKS = YES;
				GCC_OPTIMIZATION_LEVEL = 0;
				GCC_PREPROCESSOR_DEFINITIONS = (
					"DEBUG=1",
					"$(inherited)",
				);
				GCC_WARN_64_TO_32_BIT_CONVERSION = YES;
				GCC_WARN_ABOUT_RETURN_TYPE = YES_ERROR;
				GCC_WARN_UNDECLARED_SELECTOR = YES;
				GCC_WARN_UNINITIALIZED_AUTOS = YES_AGGRESSIVE;
				GCC_WARN_UNUSED_FUNCTION = YES;
				GCC_WARN_UNUSED_VARIABLE = YES;
				IPHONEOS_DEPLOYMENT_TARGET = 13.6;
				MTL_ENABLE_DEBUG_INFO = INCLUDE_SOURCE;
				MTL_FAST_MATH = YES;
				ONLY_ACTIVE_ARCH = YES;
				SDKROOT = iphoneos;
				SWIFT_ACTIVE_COMPILATION_CONDITIONS = DEBUG;
				SWIFT_OPTIMIZATION_LEVEL = "-Onone";
			};
			name = Debug;
		};
		557430A724D43CC300C191E5 /* Release */ = {
			isa = XCBuildConfiguration;
			buildSettings = {
				ALWAYS_SEARCH_USER_PATHS = NO;
				CLANG_ANALYZER_NONNULL = YES;
				CLANG_ANALYZER_NUMBER_OBJECT_CONVERSION = YES_AGGRESSIVE;
				CLANG_CXX_LANGUAGE_STANDARD = "gnu++14";
				CLANG_CXX_LIBRARY = "libc++";
				CLANG_ENABLE_MODULES = YES;
				CLANG_ENABLE_OBJC_ARC = YES;
				CLANG_ENABLE_OBJC_WEAK = YES;
				CLANG_WARN_BLOCK_CAPTURE_AUTORELEASING = YES;
				CLANG_WARN_BOOL_CONVERSION = YES;
				CLANG_WARN_COMMA = YES;
				CLANG_WARN_CONSTANT_CONVERSION = YES;
				CLANG_WARN_DEPRECATED_OBJC_IMPLEMENTATIONS = YES;
				CLANG_WARN_DIRECT_OBJC_ISA_USAGE = YES_ERROR;
				CLANG_WARN_DOCUMENTATION_COMMENTS = YES;
				CLANG_WARN_EMPTY_BODY = YES;
				CLANG_WARN_ENUM_CONVERSION = YES;
				CLANG_WARN_INFINITE_RECURSION = YES;
				CLANG_WARN_INT_CONVERSION = YES;
				CLANG_WARN_NON_LITERAL_NULL_CONVERSION = YES;
				CLANG_WARN_OBJC_IMPLICIT_RETAIN_SELF = YES;
				CLANG_WARN_OBJC_LITERAL_CONVERSION = YES;
				CLANG_WARN_OBJC_ROOT_CLASS = YES_ERROR;
				CLANG_WARN_RANGE_LOOP_ANALYSIS = YES;
				CLANG_WARN_STRICT_PROTOTYPES = YES;
				CLANG_WARN_SUSPICIOUS_MOVE = YES;
				CLANG_WARN_UNGUARDED_AVAILABILITY = YES_AGGRESSIVE;
				CLANG_WARN_UNREACHABLE_CODE = YES;
				CLANG_WARN__DUPLICATE_METHOD_MATCH = YES;
				COPY_PHASE_STRIP = NO;
				DEBUG_INFORMATION_FORMAT = "dwarf-with-dsym";
				ENABLE_NS_ASSERTIONS = NO;
				ENABLE_STRICT_OBJC_MSGSEND = YES;
				GCC_C_LANGUAGE_STANDARD = gnu11;
				GCC_NO_COMMON_BLOCKS = YES;
				GCC_WARN_64_TO_32_BIT_CONVERSION = YES;
				GCC_WARN_ABOUT_RETURN_TYPE = YES_ERROR;
				GCC_WARN_UNDECLARED_SELECTOR = YES;
				GCC_WARN_UNINITIALIZED_AUTOS = YES_AGGRESSIVE;
				GCC_WARN_UNUSED_FUNCTION = YES;
				GCC_WARN_UNUSED_VARIABLE = YES;
				IPHONEOS_DEPLOYMENT_TARGET = 13.6;
				MTL_ENABLE_DEBUG_INFO = NO;
				MTL_FAST_MATH = YES;
				SDKROOT = iphoneos;
				SWIFT_COMPILATION_MODE = wholemodule;
				SWIFT_OPTIMIZATION_LEVEL = "-O";
				VALIDATE_PRODUCT = YES;
			};
			name = Release;
		};
		557430A924D43CC300C191E5 /* Debug */ = {
			isa = XCBuildConfiguration;
			buildSettings = {
				ASSETCATALOG_COMPILER_APPICON_NAME = AppIcon;
				CODE_SIGN_STYLE = Automatic;
				DEVELOPMENT_ASSET_PATHS = "\"BirthdayApp/Preview Content\"";
				DEVELOPMENT_TEAM = TA2UAPFU92;
				ENABLE_PREVIEWS = YES;
				INFOPLIST_FILE = BirthdayApp/App/Info.plist;
				LD_RUNPATH_SEARCH_PATHS = (
					"$(inherited)",
					"@executable_path/Frameworks",
				);
				PRODUCT_BUNDLE_IDENTIFIER = homemade.BirthdayApp;
				PRODUCT_NAME = "$(TARGET_NAME)";
				SWIFT_VERSION = 5.0;
				TARGETED_DEVICE_FAMILY = "1,2";
			};
			name = Debug;
		};
		557430AA24D43CC300C191E5 /* Release */ = {
			isa = XCBuildConfiguration;
			buildSettings = {
				ASSETCATALOG_COMPILER_APPICON_NAME = AppIcon;
				CODE_SIGN_STYLE = Automatic;
				DEVELOPMENT_ASSET_PATHS = "\"BirthdayApp/Preview Content\"";
				DEVELOPMENT_TEAM = TA2UAPFU92;
				ENABLE_PREVIEWS = YES;
				INFOPLIST_FILE = BirthdayApp/App/Info.plist;
				LD_RUNPATH_SEARCH_PATHS = (
					"$(inherited)",
					"@executable_path/Frameworks",
				);
				PRODUCT_BUNDLE_IDENTIFIER = homemade.BirthdayApp;
				PRODUCT_NAME = "$(TARGET_NAME)";
				SWIFT_VERSION = 5.0;
				TARGETED_DEVICE_FAMILY = "1,2";
			};
			name = Release;
		};
/* End XCBuildConfiguration section */

/* Begin XCConfigurationList section */
		5574308C24D43CC200C191E5 /* Build configuration list for PBXProject "BirthdayApp" */ = {
			isa = XCConfigurationList;
			buildConfigurations = (
				557430A624D43CC300C191E5 /* Debug */,
				557430A724D43CC300C191E5 /* Release */,
			);
			defaultConfigurationIsVisible = 0;
			defaultConfigurationName = Release;
		};
		557430A824D43CC300C191E5 /* Build configuration list for PBXNativeTarget "BirthdayApp" */ = {
			isa = XCConfigurationList;
			buildConfigurations = (
				557430A924D43CC300C191E5 /* Debug */,
				557430AA24D43CC300C191E5 /* Release */,
			);
			defaultConfigurationIsVisible = 0;
			defaultConfigurationName = Release;
		};
/* End XCConfigurationList section */

/* Begin XCVersionGroup section */
		5574309824D43CC200C191E5 /* BirthdayApp.xcdatamodeld */ = {
			isa = XCVersionGroup;
			children = (
				5574309924D43CC200C191E5 /* BirthdayApp.xcdatamodel */,
			);
			currentVersion = 5574309924D43CC200C191E5 /* BirthdayApp.xcdatamodel */;
			path = BirthdayApp.xcdatamodeld;
			sourceTree = "<group>";
			versionGroupType = wrapper.xcdatamodel;
		};
/* End XCVersionGroup section */
	};
	rootObject = 5574308924D43CC200C191E5 /* Project object */;
}
